<?xml version="1.0" encoding="utf-8"?>
<Project ToolsVersion="4.0" xmlns="http://schemas.microsoft.com/developer/msbuild/2003">
  <ItemGroup>
    <Filter Include="Source Files">
      <UniqueIdentifier>{4FC737F1-C7A5-4376-A066-2A32D752A2FF}</UniqueIdentifier>
      <Extensions>cpp;c;cc;cxx;def;odl;idl;hpj;bat;asm;asmx</Extensions>
    </Filter>
    <Filter Include="Header Files">
      <UniqueIdentifier>{93995380-89BD-4b04-88EB-625FBE52EBFB}</UniqueIdentifier>
      <Extensions>h;hh;hpp;hxx;hm;inl;inc;xsd</Extensions>
    </Filter>
    <Filter Include="Resource Files">
      <UniqueIdentifier>{67DA6AB6-F800-4c08-8B7A-83BB121AAD01}</UniqueIdentifier>
      <Extensions>rc;ico;cur;bmp;dlg;rc2;rct;bin;rgs;gif;jpg;jpeg;jpe;resx;tiff;tif;png;wav;mfcribbon-ms</Extensions>
    </Filter>
  </ItemGroup>
  <ItemGroup>
    <Text Include="ReadMe.txt" />
  </ItemGroup>
  <ItemGroup>
    <ClCompile Include="face_feature.cpp">
      <Filter>Source Files</Filter>
    </ClCompile>
    <ClCompile Include="cfan.cpp">
      <Filter>Source Files</Filter>
    </ClCompile>
    <ClCompile Include="face_alignment.cpp">
      <Filter>Source Files</Filter>
    </ClCompile>
    <ClCompile Include="sift.cpp">
      <Filter>Source Files</Filter>
    </ClCompile>
    <ClCompile Include="face_detection.cpp">
      <Filter>Source Files</Filter>
    </ClCompile>
    <ClCompile Include="fust.cpp">
      <Filter>Source Files</Filter>
    </ClCompile>
    <ClCompile Include="util\image_pyramid.cpp">
      <Filter>Source Files</Filter>
    </ClCompile>
    <ClCompile Include="feat\lab_feature_map.cpp">
      <Filter>Source Files</Filter>
    </ClCompile>
    <ClCompile Include="classifier\lab_boosted_classifier.cpp">
      <Filter>Source Files</Filter>
    </ClCompile>
    <ClCompile Include="classifier\mlp.cpp">
      <Filter>Source Files</Filter>
    </ClCompile>
    <ClCompile Include="classifier\surf_mlp.cpp">
      <Filter>Source Files</Filter>
    </ClCompile>
    <ClCompile Include="util\nms.cpp">
      <Filter>Source Files</Filter>
    </ClCompile>
    <ClCompile Include="feat\surf_feature_map.cpp">
      <Filter>Source Files</Filter>
    </ClCompile>
    <ClCompile Include="io\lab_boost_model_reader.cpp">
      <Filter>Source Files</Filter>
    </ClCompile>
    <ClCompile Include="io\surf_mlp_model_reader.cpp">
      <Filter>Source Files</Filter>
    </ClCompile>
    <ClCompile Include="aligner.cpp">
      <Filter>Source Files</Filter>
    </ClCompile>
    <ClCompile Include="face_identification.cpp">
      <Filter>Source Files</Filter>
    </ClCompile>
    <ClCompile Include="FaceIdentification\src\bias_adder_net.cpp">
      <Filter>Source Files</Filter>
    </ClCompile>
    <ClCompile Include="FaceIdentification\src\blob.cpp">
      <Filter>Source Files</Filter>
    </ClCompile>
    <ClCompile Include="FaceIdentification\src\bn_net.cpp">
      <Filter>Source Files</Filter>
    </ClCompile>
    <ClCompile Include="FaceIdentification\src\common_net.cpp">
      <Filter>Source Files</Filter>
    </ClCompile>
    <ClCompile Include="FaceIdentification\src\conv_net.cpp">
      <Filter>Source Files</Filter>
    </ClCompile>
    <ClCompile Include="FaceIdentification\src\eltwise_net.cpp">
      <Filter>Source Files</Filter>
    </ClCompile>
    <ClCompile Include="FaceIdentification\src\inner_product_net.cpp">
      <Filter>Source Files</Filter>
    </ClCompile>
    <ClCompile Include="FaceIdentification\src\log.cpp">
      <Filter>Source Files</Filter>
    </ClCompile>
    <ClCompile Include="FaceIdentification\src\math_functions.cpp">
      <Filter>Source Files</Filter>
    </ClCompile>
    <ClCompile Include="FaceIdentification\src\max_pooling_net.cpp">
      <Filter>Source Files</Filter>
    </ClCompile>
    <ClCompile Include="FaceIdentification\src\net.cpp">
      <Filter>Source Files</Filter>
    </ClCompile>
    <ClCompile Include="FaceIdentification\src\pad_net.cpp">
      <Filter>Source Files</Filter>
    </ClCompile>
    <ClCompile Include="FaceIdentification\src\spatial_transform_net.cpp">
      <Filter>Source Files</Filter>
    </ClCompile>
    <ClCompile Include="FaceIdentification\src\tform_maker_net.cpp">
      <Filter>Source Files</Filter>
    </ClCompile>
  </ItemGroup>
  <ItemGroup>
    <ClInclude Include="cfan.h">
      <Filter>Header Files</Filter>
    </ClInclude>
    <ClInclude Include="common.h">
      <Filter>Header Files</Filter>
    </ClInclude>
    <ClInclude Include="face_alignment.h">
      <Filter>Header Files</Filter>
    </ClInclude>
    <ClInclude Include="sift.h">
      <Filter>Header Files</Filter>
    </ClInclude>
    <ClInclude Include="classifier.h">
      <Filter>Header Files</Filter>
    </ClInclude>
    <ClInclude Include="detector.h">
      <Filter>Header Files</Filter>
    </ClInclude>
    <ClInclude Include="face_detection.h">
      <Filter>Header Files</Filter>
    </ClInclude>
    <ClInclude Include="feature_map.h">
      <Filter>Header Files</Filter>
    </ClInclude>
    <ClInclude Include="fust.h">
      <Filter>Header Files</Filter>
    </ClInclude>
  </ItemGroup>
</Project>